
Microsoft Visual Studio Solution File, Format Version 12.00
# Visual Studio Version 17
VisualStudioVersion = 17.11.35219.272
MinimumVisualStudioVersion = 10.0.40219.1
Project("{FAE04EC0-301F-11D3-BF4B-00C04F79EFBC}") = "WhisperNet", "WhisperNet.csproj", "{4DBB0769-D83A-4308-BD83-0DD2882061EC}"
EndProject
Global
	GlobalSection(SolutionConfigurationPlatforms) = preSolution
		Debug|Any CPU = Debug|Any CPU
		Release|Any CPU = Release|Any CPU
	EndGlobalSection
	GlobalSection(ProjectConfigurationPlatforms) = postSolution
		{4DBB0769-D83A-4308-BD83-0DD2882061EC}.Debug|Any CPU.ActiveCfg = Debug|Any CPU
		{4DBB0769-D83A-4308-BD83-0DD2882061EC}.Debug|Any CPU.Build.0 = Debug|Any CPU
		{4DBB0769-D83A-4308-BD83-0DD2882061EC}.Release|Any CPU.ActiveCfg = Release|Any CPU
		{4DBB0769-D83A-4308-BD83-0DD2882061EC}.Release|Any CPU.Build.0 = Release|Any CPU
	EndGlobalSection
	GlobalSection(SolutionProperties) = preSolution
		HideSolutionNode = FALSE
	EndGlobalSection
	GlobalSection(ExtensibilityGlobals) = postSolution
		SolutionGuid = {0B292765-FD00-41D6-A24C-357FEAB4EDC5}
	EndGlobalSection
EndGlobal
